
Microsoft Visual Studio Solution File, Format Version 12.00
# Visual Studio Version 17
VisualStudioVersion = 17.9.34714.143
MinimumVisualStudioVersion = 10.0.40219.1
Project("{FAE04EC0-301F-11D3-BF4B-00C04F79EFBC}") = "FingerPrintDetector", "FingerPrintDetector.csproj", "{1E0CF05B-B233-44B6-8304-82F5C110B4DD}"
EndProject
Global
	GlobalSection(SolutionConfigurationPlatforms) = preSolution
		Debug|Any CPU = Debug|Any CPU
		Release|Any CPU = Release|Any CPU
	EndGlobalSection
	GlobalSection(ProjectConfigurationPlatforms) = postSolution
		{1E0CF05B-B233-44B6-8304-82F5C110B4DD}.Debug|Any CPU.ActiveCfg = Debug|Any CPU
		{1E0CF05B-B233-44B6-8304-82F5C110B4DD}.Debug|Any CPU.Build.0 = Debug|Any CPU
		{1E0CF05B-B233-44B6-8304-82F5C110B4DD}.Debug|Any CPU.Deploy.0 = Debug|Any CPU
		{1E0CF05B-B233-44B6-8304-82F5C110B4DD}.Release|Any CPU.ActiveCfg = Release|Any CPU
		{1E0CF05B-B233-44B6-8304-82F5C110B4DD}.Release|Any CPU.Build.0 = Release|Any CPU
		{1E0CF05B-B233-44B6-8304-82F5C110B4DD}.Release|Any CPU.Deploy.0 = Release|Any CPU
	EndGlobalSection
	GlobalSection(SolutionProperties) = preSolution
		HideSolutionNode = FALSE
	EndGlobalSection
	GlobalSection(ExtensibilityGlobals) = postSolution
		SolutionGuid = {4BBC3905-A320-4DFE-8926-AD8BA86A51D1}
	EndGlobalSection
EndGlobal
